# Generated by tools/release.sh --relock. Do not edit by hand.
# The engine and export templates a release is built with are part of the artifact:
# a Godot patch release changes the binary, so an unpinned engine makes a build
# reproducible only by accident.
engine_version=4.7.1.stable.official.a13da4feb
templates_version=4.7.1.stable
template.macos.zip=f9de131f5ed0210924b9b156aea43b1e20fd720dd97690e151081a65c0937a3e
template.windows_release_x86_64.exe=76269a403bb832599edeee4432a5b7a7e88c018eb5c9c798dfd8289359b0ec07
template.linux_release.x86_64=2cb27aee3f7fdf763d0ae16972f6975606959a071f4cd33f6ef1429eb8385049
template.web_nothreads_release.zip=b7b7d7da29fc6cc2f4934fdd26cc571a40e7af57f716ea3eb7e18da720dae28a

# The vendored Wavedash SDK ships inside the web build, so it is part of the artifact
# too. Upstream has no tags: the commit is the only durable name for what was copied.
wavedash_sdk_version=1.2.10
wavedash_sdk_commit=e6bc57d
wavedash_sdk.LICENSE=c4375e252c8301099b2606eb2b6ec8754728b71dde0c49a8af54edcbd66e429b
wavedash_sdk.plugin.cfg=c0c5a74c18e497a463bba58294c0c7e45f7820788d1220f2b2d6f4070c3c7a98
wavedash_sdk.README.md=bde6cafe406e7284cde1a02541ec2b9509b4dc039dd45c7272fbbae19727479a
wavedash_sdk.WavedashConstants.gd=30560eb88e56f49b493acaccce302de2cede6a28b288181487ca0baadefecb63
wavedash_sdk.WavedashPlugin.gd=01a43f9cb15a6fe2a1c5e7d72cf808d4f3fe53f0bb18cec98997cde0f6fa5a00
wavedash_sdk.WavedashSDK.gd=1a088f6d1f7e2db39ec6e5e94c445269a3f90494fcbca5358625d47abc140467
wavedash_cli_version=wavedash 0.1.95
